
Microsoft Visual Studio Solution File, Format Version 12.00
# Visual Studio Version 17
VisualStudioVersion = 17.0.32014.148
MinimumVisualStudioVersion = 10.0.40219.1
Project("{9A19103F-16F7-4668-BE54-9A1E7A4F7556}") = "PurrcationAPI", "PurrcationAPI\PurrcationAPI.csproj", "{711756DA-EA4D-4881-9C59-DEA45FA86B76}"
EndProject
Global
	GlobalSection(SolutionConfigurationPlatforms) = preSolution
		Debug|Any CPU = Debug|Any CPU
		Release|Any CPU = Release|Any CPU
	EndGlobalSection
	GlobalSection(ProjectConfigurationPlatforms) = postSolution
		{711756DA-EA4D-4881-9C59-DEA45FA86B76}.Debug|Any CPU.ActiveCfg = Debug|Any CPU
		{711756DA-EA4D-4881-9C59-DEA45FA86B76}.Debug|Any CPU.Build.0 = Debug|Any CPU
		{711756DA-EA4D-4881-9C59-DEA45FA86B76}.Release|Any CPU.ActiveCfg = Release|Any CPU
		{711756DA-EA4D-4881-9C59-DEA45FA86B76}.Release|Any CPU.Build.0 = Release|Any CPU
	EndGlobalSection
	GlobalSection(SolutionProperties) = preSolution
		HideSolutionNode = FALSE
	EndGlobalSection
	GlobalSection(ExtensibilityGlobals) = postSolution
		SolutionGuid = {B150270B-A04D-4FDA-9914-16481FDC90A2}
	EndGlobalSection
EndGlobal
